// !$*UTF8*$!
{
	archiveVersion = 1;
	classes = {
	};
	objectVersion = 48;
	objects = {

/* Begin PBXBuildFile section */
		D001FCE71FB7D8BA000BA414 /* MergeSort.cpp in Sources */ = {isa = PBXBuildFile; fileRef = D001FCE51FB7D8BA000BA414 /* MergeSort.cpp */; };
		D04C01A21FAEB16A0058C9D5 /* main.cpp in Sources */ = {isa = PBXBuildFile; fileRef = D04C01A11FAEB16A0058C9D5 /* main.cpp */; };
		D04C01AA1FAEC1460058C9D5 /* CommonFunc.cpp in Sources */ = {isa = PBXBuildFile; fileRef = D04C01A81FAEC1460058C9D5 /* CommonFunc.cpp */; };
		D04C01AD1FAED48E0058C9D5 /* Algorithm.cpp in Sources */ = {isa = PBXBuildFile; fileRef = D04C01AB1FAED48E0058C9D5 /* Algorithm.cpp */; };
/* End PBXBuildFile section */

/* Begin PBXCopyFilesBuildPhase section */
		D04C019C1FAEB1690058C9D5 /* CopyFiles */ = {
			isa = PBXCopyFilesBuildPhase;
			buildActionMask = 2147483647;
			dstPath = /usr/share/man/man1/;
			dstSubfolderSpec = 0;
			files = (
			);
			runOnlyForDeploymentPostprocessing = 1;
		};
/* End PBXCopyFilesBuildPhase section */

/* Begin PBXFileReference section */
		D001FCE51FB7D8BA000BA414 /* MergeSort.cpp */ = {isa = PBXFileReference; lastKnownFileType = sourcecode.cpp.cpp; path = MergeSort.cpp; sourceTree = "<group>"; };
		D001FCE61FB7D8BA000BA414 /* MergeSort.hpp */ = {isa = PBXFileReference; lastKnownFileType = sourcecode.cpp.h; path = MergeSort.hpp; sourceTree = "<group>"; };
		D04C019E1FAEB1690058C9D5 /* AlorithmLearn */ = {isa = PBXFileReference; explicitFileType = "compiled.mach-o.executable"; includeInIndex = 0; path = AlorithmLearn; sourceTree = BUILT_PRODUCTS_DIR; };
		D04C01A11FAEB16A0058C9D5 /* main.cpp */ = {isa = PBXFileReference; lastKnownFileType = sourcecode.cpp.cpp; path = main.cpp; sourceTree = "<group>"; };
		D04C01A81FAEC1460058C9D5 /* CommonFunc.cpp */ = {isa = PBXFileReference; lastKnownFileType = sourcecode.cpp.cpp; path = CommonFunc.cpp; sourceTree = "<group>"; };
		D04C01A91FAEC1460058C9D5 /* CommonFunc.hpp */ = {isa = PBXFileReference; lastKnownFileType = sourcecode.cpp.h; path = CommonFunc.hpp; sourceTree = "<group>"; };
		D04C01AB1FAED48E0058C9D5 /* Algorithm.cpp */ = {isa = PBXFileReference; lastKnownFileType = sourcecode.cpp.cpp; path = Algorithm.cpp; sourceTree = "<group>"; };
		D04C01AC1FAED48E0058C9D5 /* Algorithm.hpp */ = {isa = PBXFileReference; lastKnownFileType = sourcecode.cpp.h; path = Algorithm.hpp; sourceTree = "<group>"; };
/* End PBXFileReference section */

/* Begin PBXFrameworksBuildPhase section */
		D04C019B1FAEB1690058C9D5 /* Frameworks */ = {
			isa = PBXFrameworksBuildPhase;
			buildActionMask = 2147483647;
			files = (
			);
			runOnlyForDeploymentPostprocessing = 0;
		};
/* End PBXFrameworksBuildPhase section */

/* Begin PBXGroup section */
		D04C01951FAEB1690058C9D5 = {
			isa = PBXGroup;
			children = (
				D04C01A01FAEB1690058C9D5 /* AlorithmLearn */,
				D04C019F1FAEB1690058C9D5 /* Products */,
			);
			sourceTree = "<group>";
		};
		D04C019F1FAEB1690058C9D5 /* Products */ = {
			isa = PBXGroup;
			children = (
				D04C019E1FAEB1690058C9D5 /* AlorithmLearn */,
			);
			name = Products;
			sourceTree = "<group>";
		};
		D04C01A01FAEB1690058C9D5 /* AlorithmLearn */ = {
			isa = PBXGroup;
			children = (
				D04C01A11FAEB16A0058C9D5 /* main.cpp */,
				D04C01AB1FAED48E0058C9D5 /* Algorithm.cpp */,
				D04C01AC1FAED48E0058C9D5 /* Algorithm.hpp */,
				D001FCE51FB7D8BA000BA414 /* MergeSort.cpp */,
				D001FCE61FB7D8BA000BA414 /* MergeSort.hpp */,
				D04C01A81FAEC1460058C9D5 /* CommonFunc.cpp */,
				D04C01A91FAEC1460058C9D5 /* CommonFunc.hpp */,
			);
			path = AlorithmLearn;
			sourceTree = "<group>";
		};
/* End PBXGroup section */

/* Begin PBXNativeTarget section */
		D04C019D1FAEB1690058C9D5 /* AlorithmLearn */ = {
			isa = PBXNativeTarget;
			buildConfigurationList = D04C01A51FAEB16A0058C9D5 /* Build configuration list for PBXNativeTarget "AlorithmLearn" */;
			buildPhases = (
				D04C019A1FAEB1690058C9D5 /* Sources */,
				D04C019B1FAEB1690058C9D5 /* Frameworks */,
				D04C019C1FAEB1690058C9D5 /* CopyFiles */,
			);
			buildRules = (
			);
			dependencies = (
			);
			name = AlorithmLearn;
			productName = AlorithmLearn;
			productReference = D04C019E1FAEB1690058C9D5 /* AlorithmLearn */;
			productType = "com.apple.product-type.tool";
		};
/* End PBXNativeTarget section */

/* Begin PBXProject section */
		D04C01961FAEB1690058C9D5 /* Project object */ = {
			isa = PBXProject;
			attributes = {
				LastUpgradeCheck = 0910;
				ORGANIZATIONNAME = zhangalan;
				TargetAttributes = {
					D04C019D1FAEB1690058C9D5 = {
						CreatedOnToolsVersion = 9.1;
						ProvisioningStyle = Automatic;
					};
				};
			};
			buildConfigurationList = D04C01991FAEB1690058C9D5 /* Build configuration list for PBXProject "AlorithmLearn" */;
			compatibilityVersion = "Xcode 8.0";
			developmentRegion = en;
			hasScannedForEncodings = 0;
			knownRegions = (
				en,
			);
			mainGroup = D04C01951FAEB1690058C9D5;
			productRefGroup = D04C019F1FAEB1690058C9D5 /* Products */;
			projectDirPath = "";
			projectRoot = "";
			targets = (
				D04C019D1FAEB1690058C9D5 /* AlorithmLearn */,
			);
		};
/* End PBXProject section */

/* Begin PBXSourcesBuildPhase section */
		D04C019A1FAEB1690058C9D5 /* Sources */ = {
			isa = PBXSourcesBuildPhase;
			buildActionMask = 2147483647;
			files = (
				D04C01AA1FAEC1460058C9D5 /* CommonFunc.cpp in Sources */,
				D04C01AD1FAED48E0058C9D5 /* Algorithm.cpp in Sources */,
				D001FCE71FB7D8BA000BA414 /* MergeSort.cpp in Sources */,
				D04C01A21FAEB16A0058C9D5 /* main.cpp in Sources */,
			);
			runOnlyForDeploymentPostprocessing = 0;
		};
/* End PBXSourcesBuildPhase section */

/* Begin XCBuildConfiguration section */
		D04C01A31FAEB16A0058C9D5 /* Debug */ = {
			isa = XCBuildConfiguration;
			buildSettings = {
				ALWAYS_SEARCH_USER_PATHS = NO;
				CLANG_ANALYZER_NONNULL = YES;
				CLANG_ANALYZER_NUMBER_OBJECT_CONVERSION = YES_AGGRESSIVE;
				CLANG_CXX_LANGUAGE_STANDARD = "gnu++14";
				CLANG_CXX_LIBRARY = "libc++";
				CLANG_ENABLE_MODULES = YES;
				CLANG_ENABLE_OBJC_ARC = YES;
				CLANG_WARN_BLOCK_CAPTURE_AUTORELEASING = YES;
				CLANG_WARN_BOOL_CONVERSION = YES;
				CLANG_WARN_COMMA = YES;
				CLANG_WARN_CONSTANT_CONVERSION = YES;
				CLANG_WARN_DIRECT_OBJC_ISA_USAGE = YES_ERROR;
				CLANG_WARN_DOCUMENTATION_COMMENTS = YES;
				CLANG_WARN_EMPTY_BODY = YES;
				CLANG_WARN_ENUM_CONVERSION = YES;
				CLANG_WARN_INFINITE_RECURSION = YES;
				CLANG_WARN_INT_CONVERSION = YES;
				CLANG_WARN_NON_LITERAL_NULL_CONVERSION = YES;
				CLANG_WARN_OBJC_LITERAL_CONVERSION = YES;
				CLANG_WARN_OBJC_ROOT_CLASS = YES_ERROR;
				CLANG_WARN_RANGE_LOOP_ANALYSIS = YES;
				CLANG_WARN_STRICT_PROTOTYPES = YES;
				CLANG_WARN_SUSPICIOUS_MOVE = YES;
				CLANG_WARN_UNGUARDED_AVAILABILITY = YES_AGGRESSIVE;
				CLANG_WARN_UNREACHABLE_CODE = YES;
				CLANG_WARN__DUPLICATE_METHOD_MATCH = YES;
				CODE_SIGN_IDENTITY = "Mac Developer";
				COPY_PHASE_STRIP = NO;
				DEBUG_INFORMATION_FORMAT = dwarf;
				ENABLE_STRICT_OBJC_MSGSEND = YES;
				ENABLE_TESTABILITY = YES;
				GCC_C_LANGUAGE_STANDARD = gnu11;
				GCC_DYNAMIC_NO_PIC = NO;
				GCC_NO_COMMON_BLOCKS = YES;
				GCC_OPTIMIZATION_LEVEL = 0;
				GCC_PREPROCESSOR_DEFINITIONS = (
					"DEBUG=1",
					"$(inherited)",
				);
				GCC_WARN_64_TO_32_BIT_CONVERSION = YES;
				GCC_WARN_ABOUT_RETURN_TYPE = YES_ERROR;
				GCC_WARN_UNDECLARED_SELECTOR = YES;
				GCC_WARN_UNINITIALIZED_AUTOS = YES_AGGRESSIVE;
				GCC_WARN_UNUSED_FUNCTION = YES;
				GCC_WARN_UNUSED_VARIABLE = YES;
				MACOSX_DEPLOYMENT_TARGET = 10.13;
				MTL_ENABLE_DEBUG_INFO = YES;
				ONLY_ACTIVE_ARCH = YES;
				SDKROOT = macosx;
			};
			name = Debug;
		};
		D04C01A41FAEB16A0058C9D5 /* Release */ = {
			isa = XCBuildConfiguration;
			buildSettings = {
				ALWAYS_SEARCH_USER_PATHS = NO;
				CLANG_ANALYZER_NONNULL = YES;
				CLANG_ANALYZER_NUMBER_OBJECT_CONVERSION = YES_AGGRESSIVE;
				CLANG_CXX_LANGUAGE_STANDARD = "gnu++14";
				CLANG_CXX_LIBRARY = "libc++";
				CLANG_ENABLE_MODULES = YES;
				CLANG_ENABLE_OBJC_ARC = YES;
				CLANG_WARN_BLOCK_CAPTURE_AUTORELEASING = YES;
				CLANG_WARN_BOOL_CONVERSION = YES;
				CLANG_WARN_COMMA = YES;
				CLANG_WARN_CONSTANT_CONVERSION = YES;
				CLANG_WARN_DIRECT_OBJC_ISA_USAGE = YES_ERROR;
				CLANG_WARN_DOCUMENTATION_COMMENTS = YES;
				CLANG_WARN_EMPTY_BODY = YES;
				CLANG_WARN_ENUM_CONVERSION = YES;
				CLANG_WARN_INFINITE_RECURSION = YES;
				CLANG_WARN_INT_CONVERSION = YES;
				CLANG_WARN_NON_LITERAL_NULL_CONVERSION = YES;
				CLANG_WARN_OBJC_LITERAL_CONVERSION = YES;
				CLANG_WARN_OBJC_ROOT_CLASS = YES_ERROR;
				CLANG_WARN_RANGE_LOOP_ANALYSIS = YES;
				CLANG_WARN_STRICT_PROTOTYPES = YES;
				CLANG_WARN_SUSPICIOUS_MOVE = YES;
				CLANG_WARN_UNGUARDED_AVAILABILITY = YES_AGGRESSIVE;
				CLANG_WARN_UNREACHABLE_CODE = YES;
				CLANG_WARN__DUPLICATE_METHOD_MATCH = YES;
				CODE_SIGN_IDENTITY = "Mac Developer";
				COPY_PHASE_STRIP = NO;
				DEBUG_INFORMATION_FORMAT = "dwarf-with-dsym";
				ENABLE_NS_ASSERTIONS = NO;
				ENABLE_STRICT_OBJC_MSGSEND = YES;
				GCC_C_LANGUAGE_STANDARD = gnu11;
				GCC_NO_COMMON_BLOCKS = YES;
				GCC_WARN_64_TO_32_BIT_CONVERSION = YES;
				GCC_WARN_ABOUT_RETURN_TYPE = YES_ERROR;
				GCC_WARN_UNDECLARED_SELECTOR = YES;
				GCC_WARN_UNINITIALIZED_AUTOS = YES_AGGRESSIVE;
				GCC_WARN_UNUSED_FUNCTION = YES;
				GCC_WARN_UNUSED_VARIABLE = YES;
				MACOSX_DEPLOYMENT_TARGET = 10.13;
				MTL_ENABLE_DEBUG_INFO = NO;
				SDKROOT = macosx;
			};
			name = Release;
		};
		D04C01A61FAEB16A0058C9D5 /* Debug */ = {
			isa = XCBuildConfiguration;
			buildSettings = {
				CODE_SIGN_STYLE = Automatic;
				DEVELOPMENT_TEAM = KLH7KKU3G8;
				PRODUCT_NAME = "$(TARGET_NAME)";
			};
			name = Debug;
		};
		D04C01A71FAEB16A0058C9D5 /* Release */ = {
			isa = XCBuildConfiguration;
			buildSettings = {
				CODE_SIGN_STYLE = Automatic;
				DEVELOPMENT_TEAM = KLH7KKU3G8;
				PRODUCT_NAME = "$(TARGET_NAME)";
			};
			name = Release;
		};
/* End XCBuildConfiguration section */

/* Begin XCConfigurationList section */
		D04C01991FAEB1690058C9D5 /* Build configuration list for PBXProject "AlorithmLearn" */ = {
			isa = XCConfigurationList;
			buildConfigurations = (
				D04C01A31FAEB16A0058C9D5 /* Debug */,
				D04C01A41FAEB16A0058C9D5 /* Release */,
			);
			defaultConfigurationIsVisible = 0;
			defaultConfigurationName = Release;
		};
		D04C01A51FAEB16A0058C9D5 /* Build configuration list for PBXNativeTarget "AlorithmLearn" */ = {
			isa = XCConfigurationList;
			buildConfigurations = (
				D04C01A61FAEB16A0058C9D5 /* Debug */,
				D04C01A71FAEB16A0058C9D5 /* Release */,
			);
			defaultConfigurationIsVisible = 0;
			defaultConfigurationName = Release;
		};
/* End XCConfigurationList section */
	};
	rootObject = D04C01961FAEB1690058C9D5 /* Project object */;
}
